{
  "version": 4,
  "terraform_version": "1.0.4",
  "serial": 12,
  "lineage": "7597b532-8f46-1e7a-4c17-c80d6a61eaec",
  "outputs": {},
  "resources": [
    {
      "mode": "managed",
      "type": "google_container_cluster",
      "name": "main",
      "provider": "provider[\"registry.terraform.io/hashicorp/google\"]",
      "instances": [
        {
          "schema_version": 1,
          "attributes": {
            "addons_config": [
              {
                "cloudrun_config": [],
                "horizontal_pod_autoscaling": [],
                "http_load_balancing": [],
                "network_policy_config": [
                  {
                    "disabled": true
                  }
                ]
              }
            ],
            "authenticator_groups_config": [],
            "cluster_autoscaling": [
              {
                "auto_provisioning_defaults": [],
                "enabled": false,
                "resource_limits": []
              }
            ],
            "cluster_ipv4_cidr": "10.96.0.0/14",
            "database_encryption": [
              {
                "key_name": "",
                "state": "DECRYPTED"
              }
            ],
            "datapath_provider": "",
            "default_max_pods_per_node": 110,
            "default_snat_status": [
              {
                "disabled": false
              }
            ],
            "description": "",
            "enable_autopilot": false,
            "enable_binary_authorization": false,
            "enable_intranode_visibility": false,
            "enable_kubernetes_alpha": false,
            "enable_legacy_abac": false,
            "enable_shielded_nodes": true,
            "enable_tpu": false,
            "endpoint": "35.188.60.111",
            "id": "projects/myfreegke/locations/us-central1-a/clusters/myfreegke",
            "initial_node_count": 1,
            "instance_group_urls": [],
            "ip_allocation_policy": [
              {
                "cluster_ipv4_cidr_block": "10.96.0.0/14",
                "cluster_secondary_range_name": "gke-myfreegke-pods-3ce3fb3e",
                "services_ipv4_cidr_block": "10.100.0.0/20",
                "services_secondary_range_name": "gke-myfreegke-services-3ce3fb3e"
              }
            ],
            "label_fingerprint": "a9dc16a7",
            "location": "us-central1-a",
            "logging_service": "logging.googleapis.com/kubernetes",
            "maintenance_policy": [],
            "master_auth": [
              {
                "client_certificate": "",
                "client_certificate_config": [
                  {
                    "issue_client_certificate": false
                  }
                ],
                "client_key": "",
                "cluster_ca_certificate": "LS0tLS1CRUdJTiBDRVJUSUZJQ0FURS0tLS0tCk1JSUVMRENDQXBTZ0F3SUJBZ0lRQkxqUG1uaERqZkUvVHhNNVNEOTFmREFOQmdrcWhraUc5dzBCQVFzRkFEQXYKTVMwd0t3WURWUVFERXlRMllURmpZMlF6TXkwMllUVTFMVFExWkRjdFlqVXlPQzA0TnpZNU5XSTNOamhsTXpZdwpJQmNOTWpJd01USXpNVE16T1RBNVdoZ1BNakExTWpBeE1UWXhORE01TURsYU1DOHhMVEFyQmdOVkJBTVRKRFpoCk1XTmpaRE16TFRaaE5UVXRORFZrTnkxaU5USTRMVGczTmprMVlqYzJPR1V6TmpDQ0FhSXdEUVlKS29aSWh2Y04KQVFFQkJRQURnZ0dQQURDQ0FZb0NnZ0dCQUtwQnVuV0tmdlRaQ2tWYlRWaXcvdnhCV0FKQ1VQM1FyOUxTby9vSAp2VzVYbWxUckRYdUdHc3AxZzdNVi9od2VydnJTRjNoWmpXbjhpS2FFZEwvWkRLQnB0d1BhbTNNZnEwbUdlVzM2CkpYdGRrU3R1Tmt2clpKcitxei9sdWQ0bWV5ODdpRVg0Y3Z1MXZabWZvVElqRkxqZWQ1VTNjZ2xDaGxSaFRTWVEKK1hoNnRSSHVza1ZyRnUrRUF5UFZhY2IwRXlhSkx2UDVvcUoyUnVPcDlZWk11WGt2SHh5dmdGYnI4NldJQXZTdgovcnFFQ2huVksvTUxkZWdPYXlWbkdUMzN0RXB4TVo5d0tRTldPRWlsYnNwWC9PWDQ1MjVNdWRicWQ1dGNadWsvCkdMaS9sZ0lxVGRBZU5KKzFETkNJZU5lY3VBMjJxNEJETVRNd0xZcUFPZFMxYWxwajBONW1UUHE5cXFxWkFFVzgKWUp4K0oyNzhWdVBDdGJTQnNuNkZlTVk3emE5aDhTUjZycC9oNCtRY2p1RW05bmU3YWM1cGRXWFM0ZmI0cCtBVQp5UHVOWUJ6MGdTUy9KNWRmdGFROFo4WTBwby9pNGVxaU1VdmloSVJCVmNJVkdTLy9KeEJHL0p0RlAydHEyVXB2ClNpUWxodDd0T0ZOb3k1V2U2WHNmY0t6S0RRSURBUUFCbzBJd1FEQU9CZ05WSFE4QkFmOEVCQU1DQWdRd0R3WUQKVlIwVEFRSC9CQVV3QXdFQi96QWRCZ05WSFE0RUZnUVVXemFidHVCOGtyelYyOVlNTU9TeXc3SHZucUF3RFFZSgpLb1pJaHZjTkFRRUxCUUFEZ2dHQkFHUHpHUG9vTzBEcEN3cFB6VURtb0pHeFJwNzZrdWFlMDdBTXoxeXUzRkZyCkgvTEh2aDNZZk9qSTFQTEJQenZMT2VUQTFzd0liY3lNd2hLYVlWc0xxbFpMTnpEdk1obURJdFVhRkpiQ1kwUVUKSGN5dUE1RzRkZ2FuYTIvNnNWa0R1b0F2ekErMVhvajZxUXcrMmROL1cvTmxZZ0RxR3A4czNVeUlkY3F6eHZFZQpsaVBITWJXaS91bHY4SzQwODU0R1lxL09XMmUzQm1COVhZSVJWZk5YUDBNZ0NHMC84M3Q0TEJCdU4vT0NOQUJoCkRxOTlkS05NZTN4clkzRm8xd1JGeHpWblJaeHlzQ0V3NVUrSTgwbGNxaVUyc09BOE1qSURwMXNtdkh3RHA1cFUKNFh4N2xSZ05tWmR6bkVqbHZWUEd0NXVCR0FERWVQYVVjK3d3S3kwa1MvdWhZSGRzS3M0RUMxZGIvUnBBMVpIcAp5dmZJSllLNXVmUnJiOHZwSHVBOWJDODJxcEh5TndpeWkzOUY1UkhvYjFnMktyOWdVR1VLcVcvOG1lME5rLzZKCmxDd1NYNEhqcVZQdGlwN0JCdFBzVENYR1hmT0FOUkpSVHV4MTNKTFhLelZGMldraFhwR1pjUU8vOUlVdlJIUkQKQ3U1eXk2UmdaeWVXMmx1QWFxZDY2Zz09Ci0tLS0tRU5EIENFUlRJRklDQVRFLS0tLS0K",
                "password": "",
                "username": ""
              }
            ],
            "master_authorized_networks_config": [],
            "master_version": "1.21.5-gke.1302",
            "min_master_version": null,
            "monitoring_service": "monitoring.googleapis.com/kubernetes",
            "name": "myfreegke",
            "network": "projects/myfreegke/global/networks/default",
            "network_policy": [
              {
                "enabled": false,
                "provider": "PROVIDER_UNSPECIFIED"
              }
            ],
            "networking_mode": "VPC_NATIVE",
            "node_config": [],
            "node_locations": [],
            "node_pool": [],
            "node_version": "1.21.5-gke.1302",
            "operation": null,
            "pod_security_policy_config": [],
            "private_cluster_config": [],
            "private_ipv6_google_access": "",
            "project": "myfreegke",
            "release_channel": [
              {
                "channel": "REGULAR"
              }
            ],
            "remove_default_node_pool": true,
            "resource_labels": {},
            "resource_usage_export_config": [],
            "self_link": "https://container.googleapis.com/v1beta1/projects/myfreegke/zones/us-central1-a/clusters/myfreegke",
            "services_ipv4_cidr": "10.100.0.0/20",
            "subnetwork": "projects/myfreegke/regions/us-central1/subnetworks/default",
            "timeouts": null,
            "tpu_ipv4_cidr_block": "",
            "vertical_pod_autoscaling": [],
            "workload_identity_config": []
          },
          "sensitive_attributes": [],
          "private": "eyJlMmJmYjczMC1lY2FhLTExZTYtOGY4OC0zNDM2M2JjN2M0YzAiOnsiY3JlYXRlIjoyNDAwMDAwMDAwMDAwLCJkZWxldGUiOjI0MDAwMDAwMDAwMDAsInJlYWQiOjI0MDAwMDAwMDAwMDAsInVwZGF0ZSI6MzYwMDAwMDAwMDAwMH0sInNjaGVtYV92ZXJzaW9uIjoiMSJ9"
        }
      ]
    },
    {
      "mode": "managed",
      "type": "google_container_node_pool",
      "name": "primary_preemptible_nodes",
      "provider": "provider[\"registry.terraform.io/hashicorp/google\"]",
      "instances": [
        {
          "status": "tainted",
          "schema_version": 1,
          "attributes": {
            "autoscaling": [],
            "cluster": "myfreegke",
            "id": "projects/myfreegke/locations/us-central1-a/clusters/myfreegke/nodePools/myfreegke-nodepool",
            "initial_node_count": null,
            "instance_group_urls": null,
            "location": "us-central1-a",
            "management": null,
            "max_pods_per_node": 20,
            "name": "myfreegke-nodepool",
            "name_prefix": null,
            "node_config": [
              {
                "disk_size_gb": 0,
                "disk_type": "",
                "guest_accelerator": [],
                "image_type": "",
                "labels": {},
                "local_ssd_count": 0,
                "machine_type": "f1-micro",
                "metadata": {},
                "min_cpu_platform": "",
                "oauth_scopes": [
                  "https://www.googleapis.com/auth/cloud-platform",
                  "https://www.googleapis.com/auth/cloudkms",
                  "https://www.googleapis.com/auth/compute",
                  "https://www.googleapis.com/auth/devstorage.read_write",
                  "https://www.googleapis.com/auth/logging.write",
                  "https://www.googleapis.com/auth/monitoring"
                ],
                "preemptible": true,
                "service_account": "",
                "shielded_instance_config": [],
                "tags": [
                  "freegke"
                ],
                "taint": [],
                "workload_metadata_config": []
              }
            ],
            "node_count": 1,
            "node_locations": [
              "us-central1-a"
            ],
            "operation": null,
            "project": "myfreegke",
            "timeouts": null,
            "upgrade_settings": null,
            "version": "1.21.5-gke.1302"
          },
          "sensitive_attributes": [],
          "private": "eyJlMmJmYjczMC1lY2FhLTExZTYtOGY4OC0zNDM2M2JjN2M0YzAiOnsiY3JlYXRlIjoxODAwMDAwMDAwMDAwLCJkZWxldGUiOjE4MDAwMDAwMDAwMDAsInVwZGF0ZSI6MTgwMDAwMDAwMDAwMH0sInNjaGVtYV92ZXJzaW9uIjoiMSJ9",
          "dependencies": [
            "google_container_cluster.main"
          ]
        }
      ]
    }
  ]
}
